// !$*UTF8*$!
{
	archiveVersion = 1;
	classes = {
	};
	objectVersion = 56;
	objects = {

/* Begin PBXBuildFile section */
		8B3EF35F2A0F0F2C00A87D85 /* AppDelegate.swift in Sources */ = {isa = PBXBuildFile; fileRef = 8B3EF35E2A0F0F2C00A87D85 /* AppDelegate.swift */; };
		8B3EF3612A0F0F2C00A87D85 /* SceneDelegate.swift in Sources */ = {isa = PBXBuildFile; fileRef = 8B3EF3602A0F0F2C00A87D85 /* SceneDelegate.swift */; };
		8B3EF3632A0F0F2C00A87D85 /* HomePageViewController.swift in Sources */ = {isa = PBXBuildFile; fileRef = 8B3EF3622A0F0F2C00A87D85 /* HomePageViewController.swift */; };
		8B3EF3682A0F0F2D00A87D85 /* Assets.xcassets in Resources */ = {isa = PBXBuildFile; fileRef = 8B3EF3672A0F0F2D00A87D85 /* Assets.xcassets */; };
		8B3EF36B2A0F0F2D00A87D85 /* LaunchScreen.storyboard in Resources */ = {isa = PBXBuildFile; fileRef = 8B3EF3692A0F0F2D00A87D85 /* LaunchScreen.storyboard */; };
		8B3EF3762A0F0F2D00A87D85 /* ShoeStorePracticeTests.swift in Sources */ = {isa = PBXBuildFile; fileRef = 8B3EF3752A0F0F2D00A87D85 /* ShoeStorePracticeTests.swift */; };
		8B3EF3802A0F0F2D00A87D85 /* ShoeStorePracticeUITests.swift in Sources */ = {isa = PBXBuildFile; fileRef = 8B3EF37F2A0F0F2D00A87D85 /* ShoeStorePracticeUITests.swift */; };
		8B3EF3822A0F0F2D00A87D85 /* ShoeStorePracticeUITestsLaunchTests.swift in Sources */ = {isa = PBXBuildFile; fileRef = 8B3EF3812A0F0F2D00A87D85 /* ShoeStorePracticeUITestsLaunchTests.swift */; };
		8B3EF38F2A0F1B9C00A87D85 /* MainTabBarController.swift in Sources */ = {isa = PBXBuildFile; fileRef = 8B3EF38E2A0F1B9C00A87D85 /* MainTabBarController.swift */; };
		8B3EF3922A0F1BD200A87D85 /* SnapKit in Frameworks */ = {isa = PBXBuildFile; productRef = 8B3EF3912A0F1BD200A87D85 /* SnapKit */; };
		8B3EF3952A0F1BF900A87D85 /* SwiftyJSON in Frameworks */ = {isa = PBXBuildFile; productRef = 8B3EF3942A0F1BF900A87D85 /* SwiftyJSON */; };
		8B3EF3982A0F1C1300A87D85 /* Kingfisher in Frameworks */ = {isa = PBXBuildFile; productRef = 8B3EF3972A0F1C1300A87D85 /* Kingfisher */; };
		8B3EF39B2A0F1C3800A87D85 /* FLEX in Frameworks */ = {isa = PBXBuildFile; productRef = 8B3EF39A2A0F1C3800A87D85 /* FLEX */; };
		8B3EF39D2A0F1E6F00A87D85 /* UIColor+Extensions.swift in Sources */ = {isa = PBXBuildFile; fileRef = 8B3EF39C2A0F1E6F00A87D85 /* UIColor+Extensions.swift */; };
		8B3EF3A42A0F1F0700A87D85 /* HomePageViewModel.swift in Sources */ = {isa = PBXBuildFile; fileRef = 8B3EF3A32A0F1F0700A87D85 /* HomePageViewModel.swift */; };
/* End PBXBuildFile section */

/* Begin PBXContainerItemProxy section */
		8B3EF3722A0F0F2D00A87D85 /* PBXContainerItemProxy */ = {
			isa = PBXContainerItemProxy;
			containerPortal = 8B3EF3532A0F0F2C00A87D85 /* Project object */;
			proxyType = 1;
			remoteGlobalIDString = 8B3EF35A2A0F0F2C00A87D85;
			remoteInfo = ShoeStorePractice;
		};
		8B3EF37C2A0F0F2D00A87D85 /* PBXContainerItemProxy */ = {
			isa = PBXContainerItemProxy;
			containerPortal = 8B3EF3532A0F0F2C00A87D85 /* Project object */;
			proxyType = 1;
			remoteGlobalIDString = 8B3EF35A2A0F0F2C00A87D85;
			remoteInfo = ShoeStorePractice;
		};
/* End PBXContainerItemProxy section */

/* Begin PBXFileReference section */
		8B3EF35B2A0F0F2C00A87D85 /* ShoeStorePractice.app */ = {isa = PBXFileReference; explicitFileType = wrapper.application; includeInIndex = 0; path = ShoeStorePractice.app; sourceTree = BUILT_PRODUCTS_DIR; };
		8B3EF35E2A0F0F2C00A87D85 /* AppDelegate.swift */ = {isa = PBXFileReference; lastKnownFileType = sourcecode.swift; path = AppDelegate.swift; sourceTree = "<group>"; };
		8B3EF3602A0F0F2C00A87D85 /* SceneDelegate.swift */ = {isa = PBXFileReference; lastKnownFileType = sourcecode.swift; path = SceneDelegate.swift; sourceTree = "<group>"; };
		8B3EF3622A0F0F2C00A87D85 /* HomePageViewController.swift */ = {isa = PBXFileReference; lastKnownFileType = sourcecode.swift; path = HomePageViewController.swift; sourceTree = "<group>"; };
		8B3EF3672A0F0F2D00A87D85 /* Assets.xcassets */ = {isa = PBXFileReference; lastKnownFileType = folder.assetcatalog; path = Assets.xcassets; sourceTree = "<group>"; };
		8B3EF36A2A0F0F2D00A87D85 /* Base */ = {isa = PBXFileReference; lastKnownFileType = file.storyboard; name = Base; path = Base.lproj/LaunchScreen.storyboard; sourceTree = "<group>"; };
		8B3EF36C2A0F0F2D00A87D85 /* Info.plist */ = {isa = PBXFileReference; lastKnownFileType = text.plist.xml; path = Info.plist; sourceTree = "<group>"; };
		8B3EF3712A0F0F2D00A87D85 /* ShoeStorePracticeTests.xctest */ = {isa = PBXFileReference; explicitFileType = wrapper.cfbundle; includeInIndex = 0; path = ShoeStorePracticeTests.xctest; sourceTree = BUILT_PRODUCTS_DIR; };
		8B3EF3752A0F0F2D00A87D85 /* ShoeStorePracticeTests.swift */ = {isa = PBXFileReference; lastKnownFileType = sourcecode.swift; path = ShoeStorePracticeTests.swift; sourceTree = "<group>"; };
		8B3EF37B2A0F0F2D00A87D85 /* ShoeStorePracticeUITests.xctest */ = {isa = PBXFileReference; explicitFileType = wrapper.cfbundle; includeInIndex = 0; path = ShoeStorePracticeUITests.xctest; sourceTree = BUILT_PRODUCTS_DIR; };
		8B3EF37F2A0F0F2D00A87D85 /* ShoeStorePracticeUITests.swift */ = {isa = PBXFileReference; lastKnownFileType = sourcecode.swift; path = ShoeStorePracticeUITests.swift; sourceTree = "<group>"; };
		8B3EF3812A0F0F2D00A87D85 /* ShoeStorePracticeUITestsLaunchTests.swift */ = {isa = PBXFileReference; lastKnownFileType = sourcecode.swift; path = ShoeStorePracticeUITestsLaunchTests.swift; sourceTree = "<group>"; };
		8B3EF38E2A0F1B9C00A87D85 /* MainTabBarController.swift */ = {isa = PBXFileReference; lastKnownFileType = sourcecode.swift; path = MainTabBarController.swift; sourceTree = "<group>"; };
		8B3EF39C2A0F1E6F00A87D85 /* UIColor+Extensions.swift */ = {isa = PBXFileReference; lastKnownFileType = sourcecode.swift; path = "UIColor+Extensions.swift"; sourceTree = "<group>"; };
		8B3EF3A32A0F1F0700A87D85 /* HomePageViewModel.swift */ = {isa = PBXFileReference; lastKnownFileType = sourcecode.swift; path = HomePageViewModel.swift; sourceTree = "<group>"; };
/* End PBXFileReference section */

/* Begin PBXFrameworksBuildPhase section */
		8B3EF3582A0F0F2C00A87D85 /* Frameworks */ = {
			isa = PBXFrameworksBuildPhase;
			buildActionMask = 2147483647;
			files = (
				8B3EF3982A0F1C1300A87D85 /* Kingfisher in Frameworks */,
				8B3EF3952A0F1BF900A87D85 /* SwiftyJSON in Frameworks */,
				8B3EF3922A0F1BD200A87D85 /* SnapKit in Frameworks */,
				8B3EF39B2A0F1C3800A87D85 /* FLEX in Frameworks */,
			);
			runOnlyForDeploymentPostprocessing = 0;
		};
		8B3EF36E2A0F0F2D00A87D85 /* Frameworks */ = {
			isa = PBXFrameworksBuildPhase;
			buildActionMask = 2147483647;
			files = (
			);
			runOnlyForDeploymentPostprocessing = 0;
		};
		8B3EF3782A0F0F2D00A87D85 /* Frameworks */ = {
			isa = PBXFrameworksBuildPhase;
			buildActionMask = 2147483647;
			files = (
			);
			runOnlyForDeploymentPostprocessing = 0;
		};
/* End PBXFrameworksBuildPhase section */

/* Begin PBXGroup section */
		8B3EF3522A0F0F2C00A87D85 = {
			isa = PBXGroup;
			children = (
				8B3EF35D2A0F0F2C00A87D85 /* ShoeStorePractice */,
				8B3EF3742A0F0F2D00A87D85 /* ShoeStorePracticeTests */,
				8B3EF37E2A0F0F2D00A87D85 /* ShoeStorePracticeUITests */,
				8B3EF35C2A0F0F2C00A87D85 /* Products */,
			);
			sourceTree = "<group>";
		};
		8B3EF35C2A0F0F2C00A87D85 /* Products */ = {
			isa = PBXGroup;
			children = (
				8B3EF35B2A0F0F2C00A87D85 /* ShoeStorePractice.app */,
				8B3EF3712A0F0F2D00A87D85 /* ShoeStorePracticeTests.xctest */,
				8B3EF37B2A0F0F2D00A87D85 /* ShoeStorePracticeUITests.xctest */,
			);
			name = Products;
			sourceTree = "<group>";
		};
		8B3EF35D2A0F0F2C00A87D85 /* ShoeStorePractice */ = {
			isa = PBXGroup;
			children = (
				8B3EF39F2A0F1E8000A87D85 /* ViewController */,
				8B3EF3A12A0F1E8B00A87D85 /* Model */,
				8B3EF3A02A0F1E8700A87D85 /* View */,
				8B3EF39E2A0F1E7500A87D85 /* Extension */,
				8B3EF3A22A0F1EA700A87D85 /* Resources */,
				8B3EF35E2A0F0F2C00A87D85 /* AppDelegate.swift */,
				8B3EF3602A0F0F2C00A87D85 /* SceneDelegate.swift */,
				8B3EF3692A0F0F2D00A87D85 /* LaunchScreen.storyboard */,
				8B3EF36C2A0F0F2D00A87D85 /* Info.plist */,
			);
			path = ShoeStorePractice;
			sourceTree = "<group>";
		};
		8B3EF3742A0F0F2D00A87D85 /* ShoeStorePracticeTests */ = {
			isa = PBXGroup;
			children = (
				8B3EF3752A0F0F2D00A87D85 /* ShoeStorePracticeTests.swift */,
			);
			path = ShoeStorePracticeTests;
			sourceTree = "<group>";
		};
		8B3EF37E2A0F0F2D00A87D85 /* ShoeStorePracticeUITests */ = {
			isa = PBXGroup;
			children = (
				8B3EF37F2A0F0F2D00A87D85 /* ShoeStorePracticeUITests.swift */,
				8B3EF3812A0F0F2D00A87D85 /* ShoeStorePracticeUITestsLaunchTests.swift */,
			);
			path = ShoeStorePracticeUITests;
			sourceTree = "<group>";
		};
		8B3EF39E2A0F1E7500A87D85 /* Extension */ = {
			isa = PBXGroup;
			children = (
				8B3EF39C2A0F1E6F00A87D85 /* UIColor+Extensions.swift */,
			);
			path = Extension;
			sourceTree = "<group>";
		};
		8B3EF39F2A0F1E8000A87D85 /* ViewController */ = {
			isa = PBXGroup;
			children = (
				8B3EF38E2A0F1B9C00A87D85 /* MainTabBarController.swift */,
				8B3EF3622A0F0F2C00A87D85 /* HomePageViewController.swift */,
				8B3EF3A32A0F1F0700A87D85 /* HomePageViewModel.swift */,
			);
			path = ViewController;
			sourceTree = "<group>";
		};
		8B3EF3A02A0F1E8700A87D85 /* View */ = {
			isa = PBXGroup;
			children = (
			);
			path = View;
			sourceTree = "<group>";
		};
		8B3EF3A12A0F1E8B00A87D85 /* Model */ = {
			isa = PBXGroup;
			children = (
			);
			path = Model;
			sourceTree = "<group>";
		};
		8B3EF3A22A0F1EA700A87D85 /* Resources */ = {
			isa = PBXGroup;
			children = (
				8B3EF3672A0F0F2D00A87D85 /* Assets.xcassets */,
			);
			path = Resources;
			sourceTree = "<group>";
		};
/* End PBXGroup section */

/* Begin PBXNativeTarget section */
		8B3EF35A2A0F0F2C00A87D85 /* ShoeStorePractice */ = {
			isa = PBXNativeTarget;
			buildConfigurationList = 8B3EF3852A0F0F2D00A87D85 /* Build configuration list for PBXNativeTarget "ShoeStorePractice" */;
			buildPhases = (
				8B3EF3572A0F0F2C00A87D85 /* Sources */,
				8B3EF3582A0F0F2C00A87D85 /* Frameworks */,
				8B3EF3592A0F0F2C00A87D85 /* Resources */,
			);
			buildRules = (
			);
			dependencies = (
			);
			name = ShoeStorePractice;
			packageProductDependencies = (
				8B3EF3912A0F1BD200A87D85 /* SnapKit */,
				8B3EF3942A0F1BF900A87D85 /* SwiftyJSON */,
				8B3EF3972A0F1C1300A87D85 /* Kingfisher */,
				8B3EF39A2A0F1C3800A87D85 /* FLEX */,
			);
			productName = ShoeStorePractice;
			productReference = 8B3EF35B2A0F0F2C00A87D85 /* ShoeStorePractice.app */;
			productType = "com.apple.product-type.application";
		};
		8B3EF3702A0F0F2D00A87D85 /* ShoeStorePracticeTests */ = {
			isa = PBXNativeTarget;
			buildConfigurationList = 8B3EF3882A0F0F2D00A87D85 /* Build configuration list for PBXNativeTarget "ShoeStorePracticeTests" */;
			buildPhases = (
				8B3EF36D2A0F0F2D00A87D85 /* Sources */,
				8B3EF36E2A0F0F2D00A87D85 /* Frameworks */,
				8B3EF36F2A0F0F2D00A87D85 /* Resources */,
			);
			buildRules = (
			);
			dependencies = (
				8B3EF3732A0F0F2D00A87D85 /* PBXTargetDependency */,
			);
			name = ShoeStorePracticeTests;
			productName = ShoeStorePracticeTests;
			productReference = 8B3EF3712A0F0F2D00A87D85 /* ShoeStorePracticeTests.xctest */;
			productType = "com.apple.product-type.bundle.unit-test";
		};
		8B3EF37A2A0F0F2D00A87D85 /* ShoeStorePracticeUITests */ = {
			isa = PBXNativeTarget;
			buildConfigurationList = 8B3EF38B2A0F0F2D00A87D85 /* Build configuration list for PBXNativeTarget "ShoeStorePracticeUITests" */;
			buildPhases = (
				8B3EF3772A0F0F2D00A87D85 /* Sources */,
				8B3EF3782A0F0F2D00A87D85 /* Frameworks */,
				8B3EF3792A0F0F2D00A87D85 /* Resources */,
			);
			buildRules = (
			);
			dependencies = (
				8B3EF37D2A0F0F2D00A87D85 /* PBXTargetDependency */,
			);
			name = ShoeStorePracticeUITests;
			productName = ShoeStorePracticeUITests;
			productReference = 8B3EF37B2A0F0F2D00A87D85 /* ShoeStorePracticeUITests.xctest */;
			productType = "com.apple.product-type.bundle.ui-testing";
		};
/* End PBXNativeTarget section */

/* Begin PBXProject section */
		8B3EF3532A0F0F2C00A87D85 /* Project object */ = {
			isa = PBXProject;
			attributes = {
				BuildIndependentTargetsInParallel = 1;
				LastSwiftUpdateCheck = 1420;
				LastUpgradeCheck = 1420;
				TargetAttributes = {
					8B3EF35A2A0F0F2C00A87D85 = {
						CreatedOnToolsVersion = 14.2;
					};
					8B3EF3702A0F0F2D00A87D85 = {
						CreatedOnToolsVersion = 14.2;
						TestTargetID = 8B3EF35A2A0F0F2C00A87D85;
					};
					8B3EF37A2A0F0F2D00A87D85 = {
						CreatedOnToolsVersion = 14.2;
						TestTargetID = 8B3EF35A2A0F0F2C00A87D85;
					};
				};
			};
			buildConfigurationList = 8B3EF3562A0F0F2C00A87D85 /* Build configuration list for PBXProject "ShoeStorePractice" */;
			compatibilityVersion = "Xcode 14.0";
			developmentRegion = en;
			hasScannedForEncodings = 0;
			knownRegions = (
				en,
				Base,
			);
			mainGroup = 8B3EF3522A0F0F2C00A87D85;
			packageReferences = (
				8B3EF3902A0F1BD200A87D85 /* XCRemoteSwiftPackageReference "SnapKit" */,
				8B3EF3932A0F1BF900A87D85 /* XCRemoteSwiftPackageReference "SwiftyJSON" */,
				8B3EF3962A0F1C1300A87D85 /* XCRemoteSwiftPackageReference "Kingfisher" */,
				8B3EF3992A0F1C3800A87D85 /* XCRemoteSwiftPackageReference "FLEX" */,
			);
			productRefGroup = 8B3EF35C2A0F0F2C00A87D85 /* Products */;
			projectDirPath = "";
			projectRoot = "";
			targets = (
				8B3EF35A2A0F0F2C00A87D85 /* ShoeStorePractice */,
				8B3EF3702A0F0F2D00A87D85 /* ShoeStorePracticeTests */,
				8B3EF37A2A0F0F2D00A87D85 /* ShoeStorePracticeUITests */,
			);
		};
/* End PBXProject section */

/* Begin PBXResourcesBuildPhase section */
		8B3EF3592A0F0F2C00A87D85 /* Resources */ = {
			isa = PBXResourcesBuildPhase;
			buildActionMask = 2147483647;
			files = (
				8B3EF36B2A0F0F2D00A87D85 /* LaunchScreen.storyboard in Resources */,
				8B3EF3682A0F0F2D00A87D85 /* Assets.xcassets in Resources */,
			);
			runOnlyForDeploymentPostprocessing = 0;
		};
		8B3EF36F2A0F0F2D00A87D85 /* Resources */ = {
			isa = PBXResourcesBuildPhase;
			buildActionMask = 2147483647;
			files = (
			);
			runOnlyForDeploymentPostprocessing = 0;
		};
		8B3EF3792A0F0F2D00A87D85 /* Resources */ = {
			isa = PBXResourcesBuildPhase;
			buildActionMask = 2147483647;
			files = (
			);
			runOnlyForDeploymentPostprocessing = 0;
		};
/* End PBXResourcesBuildPhase section */

/* Begin PBXSourcesBuildPhase section */
		8B3EF3572A0F0F2C00A87D85 /* Sources */ = {
			isa = PBXSourcesBuildPhase;
			buildActionMask = 2147483647;
			files = (
				8B3EF3632A0F0F2C00A87D85 /* HomePageViewController.swift in Sources */,
				8B3EF39D2A0F1E6F00A87D85 /* UIColor+Extensions.swift in Sources */,
				8B3EF3A42A0F1F0700A87D85 /* HomePageViewModel.swift in Sources */,
				8B3EF35F2A0F0F2C00A87D85 /* AppDelegate.swift in Sources */,
				8B3EF38F2A0F1B9C00A87D85 /* MainTabBarController.swift in Sources */,
				8B3EF3612A0F0F2C00A87D85 /* SceneDelegate.swift in Sources */,
			);
			runOnlyForDeploymentPostprocessing = 0;
		};
		8B3EF36D2A0F0F2D00A87D85 /* Sources */ = {
			isa = PBXSourcesBuildPhase;
			buildActionMask = 2147483647;
			files = (
				8B3EF3762A0F0F2D00A87D85 /* ShoeStorePracticeTests.swift in Sources */,
			);
			runOnlyForDeploymentPostprocessing = 0;
		};
		8B3EF3772A0F0F2D00A87D85 /* Sources */ = {
			isa = PBXSourcesBuildPhase;
			buildActionMask = 2147483647;
			files = (
				8B3EF3822A0F0F2D00A87D85 /* ShoeStorePracticeUITestsLaunchTests.swift in Sources */,
				8B3EF3802A0F0F2D00A87D85 /* ShoeStorePracticeUITests.swift in Sources */,
			);
			runOnlyForDeploymentPostprocessing = 0;
		};
/* End PBXSourcesBuildPhase section */

/* Begin PBXTargetDependency section */
		8B3EF3732A0F0F2D00A87D85 /* PBXTargetDependency */ = {
			isa = PBXTargetDependency;
			target = 8B3EF35A2A0F0F2C00A87D85 /* ShoeStorePractice */;
			targetProxy = 8B3EF3722A0F0F2D00A87D85 /* PBXContainerItemProxy */;
		};
		8B3EF37D2A0F0F2D00A87D85 /* PBXTargetDependency */ = {
			isa = PBXTargetDependency;
			target = 8B3EF35A2A0F0F2C00A87D85 /* ShoeStorePractice */;
			targetProxy = 8B3EF37C2A0F0F2D00A87D85 /* PBXContainerItemProxy */;
		};
/* End PBXTargetDependency section */

/* Begin PBXVariantGroup section */
		8B3EF3692A0F0F2D00A87D85 /* LaunchScreen.storyboard */ = {
			isa = PBXVariantGroup;
			children = (
				8B3EF36A2A0F0F2D00A87D85 /* Base */,
			);
			name = LaunchScreen.storyboard;
			sourceTree = "<group>";
		};
/* End PBXVariantGroup section */

/* Begin XCBuildConfiguration section */
		8B3EF3832A0F0F2D00A87D85 /* Debug */ = {
			isa = XCBuildConfiguration;
			buildSettings = {
				ALWAYS_SEARCH_USER_PATHS = NO;
				CLANG_ANALYZER_NONNULL = YES;
				CLANG_ANALYZER_NUMBER_OBJECT_CONVERSION = YES_AGGRESSIVE;
				CLANG_CXX_LANGUAGE_STANDARD = "gnu++20";
				CLANG_ENABLE_MODULES = YES;
				CLANG_ENABLE_OBJC_ARC = YES;
				CLANG_ENABLE_OBJC_WEAK = YES;
				CLANG_WARN_BLOCK_CAPTURE_AUTORELEASING = YES;
				CLANG_WARN_BOOL_CONVERSION = YES;
				CLANG_WARN_COMMA = YES;
				CLANG_WARN_CONSTANT_CONVERSION = YES;
				CLANG_WARN_DEPRECATED_OBJC_IMPLEMENTATIONS = YES;
				CLANG_WARN_DIRECT_OBJC_ISA_USAGE = YES_ERROR;
				CLANG_WARN_DOCUMENTATION_COMMENTS = YES;
				CLANG_WARN_EMPTY_BODY = YES;
				CLANG_WARN_ENUM_CONVERSION = YES;
				CLANG_WARN_INFINITE_RECURSION = YES;
				CLANG_WARN_INT_CONVERSION = YES;
				CLANG_WARN_NON_LITERAL_NULL_CONVERSION = YES;
				CLANG_WARN_OBJC_IMPLICIT_RETAIN_SELF = YES;
				CLANG_WARN_OBJC_LITERAL_CONVERSION = YES;
				CLANG_WARN_OBJC_ROOT_CLASS = YES_ERROR;
				CLANG_WARN_QUOTED_INCLUDE_IN_FRAMEWORK_HEADER = YES;
				CLANG_WARN_RANGE_LOOP_ANALYSIS = YES;
				CLANG_WARN_STRICT_PROTOTYPES = YES;
				CLANG_WARN_SUSPICIOUS_MOVE = YES;
				CLANG_WARN_UNGUARDED_AVAILABILITY = YES_AGGRESSIVE;
				CLANG_WARN_UNREACHABLE_CODE = YES;
				CLANG_WARN__DUPLICATE_METHOD_MATCH = YES;
				COPY_PHASE_STRIP = NO;
				DEBUG_INFORMATION_FORMAT = dwarf;
				ENABLE_STRICT_OBJC_MSGSEND = YES;
				ENABLE_TESTABILITY = YES;
				GCC_C_LANGUAGE_STANDARD = gnu11;
				GCC_DYNAMIC_NO_PIC = NO;
				GCC_NO_COMMON_BLOCKS = YES;
				GCC_OPTIMIZATION_LEVEL = 0;
				GCC_PREPROCESSOR_DEFINITIONS = (
					"DEBUG=1",
					"$(inherited)",
				);
				GCC_WARN_64_TO_32_BIT_CONVERSION = YES;
				GCC_WARN_ABOUT_RETURN_TYPE = YES_ERROR;
				GCC_WARN_UNDECLARED_SELECTOR = YES;
				GCC_WARN_UNINITIALIZED_AUTOS = YES_AGGRESSIVE;
				GCC_WARN_UNUSED_FUNCTION = YES;
				GCC_WARN_UNUSED_VARIABLE = YES;
				IPHONEOS_DEPLOYMENT_TARGET = 16.2;
				MTL_ENABLE_DEBUG_INFO = INCLUDE_SOURCE;
				MTL_FAST_MATH = YES;
				ONLY_ACTIVE_ARCH = YES;
				SDKROOT = iphoneos;
				SWIFT_ACTIVE_COMPILATION_CONDITIONS = DEBUG;
				SWIFT_OPTIMIZATION_LEVEL = "-Onone";
			};
			name = Debug;
		};
		8B3EF3842A0F0F2D00A87D85 /* Release */ = {
			isa = XCBuildConfiguration;
			buildSettings = {
				ALWAYS_SEARCH_USER_PATHS = NO;
				CLANG_ANALYZER_NONNULL = YES;
				CLANG_ANALYZER_NUMBER_OBJECT_CONVERSION = YES_AGGRESSIVE;
				CLANG_CXX_LANGUAGE_STANDARD = "gnu++20";
				CLANG_ENABLE_MODULES = YES;
				CLANG_ENABLE_OBJC_ARC = YES;
				CLANG_ENABLE_OBJC_WEAK = YES;
				CLANG_WARN_BLOCK_CAPTURE_AUTORELEASING = YES;
				CLANG_WARN_BOOL_CONVERSION = YES;
				CLANG_WARN_COMMA = YES;
				CLANG_WARN_CONSTANT_CONVERSION = YES;
				CLANG_WARN_DEPRECATED_OBJC_IMPLEMENTATIONS = YES;
				CLANG_WARN_DIRECT_OBJC_ISA_USAGE = YES_ERROR;
				CLANG_WARN_DOCUMENTATION_COMMENTS = YES;
				CLANG_WARN_EMPTY_BODY = YES;
				CLANG_WARN_ENUM_CONVERSION = YES;
				CLANG_WARN_INFINITE_RECURSION = YES;
				CLANG_WARN_INT_CONVERSION = YES;
				CLANG_WARN_NON_LITERAL_NULL_CONVERSION = YES;
				CLANG_WARN_OBJC_IMPLICIT_RETAIN_SELF = YES;
				CLANG_WARN_OBJC_LITERAL_CONVERSION = YES;
				CLANG_WARN_OBJC_ROOT_CLASS = YES_ERROR;
				CLANG_WARN_QUOTED_INCLUDE_IN_FRAMEWORK_HEADER = YES;
				CLANG_WARN_RANGE_LOOP_ANALYSIS = YES;
				CLANG_WARN_STRICT_PROTOTYPES = YES;
				CLANG_WARN_SUSPICIOUS_MOVE = YES;
				CLANG_WARN_UNGUARDED_AVAILABILITY = YES_AGGRESSIVE;
				CLANG_WARN_UNREACHABLE_CODE = YES;
				CLANG_WARN__DUPLICATE_METHOD_MATCH = YES;
				COPY_PHASE_STRIP = NO;
				DEBUG_INFORMATION_FORMAT = "dwarf-with-dsym";
				ENABLE_NS_ASSERTIONS = NO;
				ENABLE_STRICT_OBJC_MSGSEND = YES;
				GCC_C_LANGUAGE_STANDARD = gnu11;
				GCC_NO_COMMON_BLOCKS = YES;
				GCC_WARN_64_TO_32_BIT_CONVERSION = YES;
				GCC_WARN_ABOUT_RETURN_TYPE = YES_ERROR;
				GCC_WARN_UNDECLARED_SELECTOR = YES;
				GCC_WARN_UNINITIALIZED_AUTOS = YES_AGGRESSIVE;
				GCC_WARN_UNUSED_FUNCTION = YES;
				GCC_WARN_UNUSED_VARIABLE = YES;
				IPHONEOS_DEPLOYMENT_TARGET = 16.2;
				MTL_ENABLE_DEBUG_INFO = NO;
				MTL_FAST_MATH = YES;
				SDKROOT = iphoneos;
				SWIFT_COMPILATION_MODE = wholemodule;
				SWIFT_OPTIMIZATION_LEVEL = "-O";
				VALIDATE_PRODUCT = YES;
			};
			name = Release;
		};
		8B3EF3862A0F0F2D00A87D85 /* Debug */ = {
			isa = XCBuildConfiguration;
			buildSettings = {
				ASSETCATALOG_COMPILER_APPICON_NAME = AppIcon;
				ASSETCATALOG_COMPILER_GLOBAL_ACCENT_COLOR_NAME = AccentColor;
				CODE_SIGN_STYLE = Automatic;
				CURRENT_PROJECT_VERSION = 1;
				DEVELOPMENT_TEAM = 5J9S4L22HS;
				GENERATE_INFOPLIST_FILE = YES;
				INFOPLIST_FILE = ShoeStorePractice/Info.plist;
				INFOPLIST_KEY_UIApplicationSupportsIndirectInputEvents = YES;
				INFOPLIST_KEY_UILaunchStoryboardName = LaunchScreen;
				INFOPLIST_KEY_UIMainStoryboardFile = Main;
				INFOPLIST_KEY_UISupportedInterfaceOrientations_iPad = "UIInterfaceOrientationPortrait UIInterfaceOrientationPortraitUpsideDown UIInterfaceOrientationLandscapeLeft UIInterfaceOrientationLandscapeRight";
				INFOPLIST_KEY_UISupportedInterfaceOrientations_iPhone = "UIInterfaceOrientationPortrait UIInterfaceOrientationLandscapeLeft UIInterfaceOrientationLandscapeRight";
				LD_RUNPATH_SEARCH_PATHS = (
					"$(inherited)",
					"@executable_path/Frameworks",
				);
				MARKETING_VERSION = 1.0;
				PRODUCT_BUNDLE_IDENTIFIER = com.pinyi.ShoeStorePractice;
				PRODUCT_NAME = "$(TARGET_NAME)";
				SWIFT_EMIT_LOC_STRINGS = YES;
				SWIFT_VERSION = 5.0;
				TARGETED_DEVICE_FAMILY = "1,2";
			};
			name = Debug;
		};
		8B3EF3872A0F0F2D00A87D85 /* Release */ = {
			isa = XCBuildConfiguration;
			buildSettings = {
				ASSETCATALOG_COMPILER_APPICON_NAME = AppIcon;
				ASSETCATALOG_COMPILER_GLOBAL_ACCENT_COLOR_NAME = AccentColor;
				CODE_SIGN_STYLE = Automatic;
				CURRENT_PROJECT_VERSION = 1;
				DEVELOPMENT_TEAM = 5J9S4L22HS;
				GENERATE_INFOPLIST_FILE = YES;
				INFOPLIST_FILE = ShoeStorePractice/Info.plist;
				INFOPLIST_KEY_UIApplicationSupportsIndirectInputEvents = YES;
				INFOPLIST_KEY_UILaunchStoryboardName = LaunchScreen;
				INFOPLIST_KEY_UIMainStoryboardFile = Main;
				INFOPLIST_KEY_UISupportedInterfaceOrientations_iPad = "UIInterfaceOrientationPortrait UIInterfaceOrientationPortraitUpsideDown UIInterfaceOrientationLandscapeLeft UIInterfaceOrientationLandscapeRight";
				INFOPLIST_KEY_UISupportedInterfaceOrientations_iPhone = "UIInterfaceOrientationPortrait UIInterfaceOrientationLandscapeLeft UIInterfaceOrientationLandscapeRight";
				LD_RUNPATH_SEARCH_PATHS = (
					"$(inherited)",
					"@executable_path/Frameworks",
				);
				MARKETING_VERSION = 1.0;
				PRODUCT_BUNDLE_IDENTIFIER = com.pinyi.ShoeStorePractice;
				PRODUCT_NAME = "$(TARGET_NAME)";
				SWIFT_EMIT_LOC_STRINGS = YES;
				SWIFT_VERSION = 5.0;
				TARGETED_DEVICE_FAMILY = "1,2";
			};
			name = Release;
		};
		8B3EF3892A0F0F2D00A87D85 /* Debug */ = {
			isa = XCBuildConfiguration;
			buildSettings = {
				ALWAYS_EMBED_SWIFT_STANDARD_LIBRARIES = YES;
				BUNDLE_LOADER = "$(TEST_HOST)";
				CODE_SIGN_STYLE = Automatic;
				CURRENT_PROJECT_VERSION = 1;
				DEVELOPMENT_TEAM = 5J9S4L22HS;
				GENERATE_INFOPLIST_FILE = YES;
				IPHONEOS_DEPLOYMENT_TARGET = 16.2;
				MARKETING_VERSION = 1.0;
				PRODUCT_BUNDLE_IDENTIFIER = com.pinyi.ShoeStorePracticeTests;
				PRODUCT_NAME = "$(TARGET_NAME)";
				SWIFT_EMIT_LOC_STRINGS = NO;
				SWIFT_VERSION = 5.0;
				TARGETED_DEVICE_FAMILY = "1,2";
				TEST_HOST = "$(BUILT_PRODUCTS_DIR)/ShoeStorePractice.app/$(BUNDLE_EXECUTABLE_FOLDER_PATH)/ShoeStorePractice";
			};
			name = Debug;
		};
		8B3EF38A2A0F0F2D00A87D85 /* Release */ = {
			isa = XCBuildConfiguration;
			buildSettings = {
				ALWAYS_EMBED_SWIFT_STANDARD_LIBRARIES = YES;
				BUNDLE_LOADER = "$(TEST_HOST)";
				CODE_SIGN_STYLE = Automatic;
				CURRENT_PROJECT_VERSION = 1;
				DEVELOPMENT_TEAM = 5J9S4L22HS;
				GENERATE_INFOPLIST_FILE = YES;
				IPHONEOS_DEPLOYMENT_TARGET = 16.2;
				MARKETING_VERSION = 1.0;
				PRODUCT_BUNDLE_IDENTIFIER = com.pinyi.ShoeStorePracticeTests;
				PRODUCT_NAME = "$(TARGET_NAME)";
				SWIFT_EMIT_LOC_STRINGS = NO;
				SWIFT_VERSION = 5.0;
				TARGETED_DEVICE_FAMILY = "1,2";
				TEST_HOST = "$(BUILT_PRODUCTS_DIR)/ShoeStorePractice.app/$(BUNDLE_EXECUTABLE_FOLDER_PATH)/ShoeStorePractice";
			};
			name = Release;
		};
		8B3EF38C2A0F0F2D00A87D85 /* Debug */ = {
			isa = XCBuildConfiguration;
			buildSettings = {
				ALWAYS_EMBED_SWIFT_STANDARD_LIBRARIES = YES;
				CODE_SIGN_STYLE = Automatic;
				CURRENT_PROJECT_VERSION = 1;
				DEVELOPMENT_TEAM = 5J9S4L22HS;
				GENERATE_INFOPLIST_FILE = YES;
				MARKETING_VERSION = 1.0;
				PRODUCT_BUNDLE_IDENTIFIER = com.pinyi.ShoeStorePracticeUITests;
				PRODUCT_NAME = "$(TARGET_NAME)";
				SWIFT_EMIT_LOC_STRINGS = NO;
				SWIFT_VERSION = 5.0;
				TARGETED_DEVICE_FAMILY = "1,2";
				TEST_TARGET_NAME = ShoeStorePractice;
			};
			name = Debug;
		};
		8B3EF38D2A0F0F2D00A87D85 /* Release */ = {
			isa = XCBuildConfiguration;
			buildSettings = {
				ALWAYS_EMBED_SWIFT_STANDARD_LIBRARIES = YES;
				CODE_SIGN_STYLE = Automatic;
				CURRENT_PROJECT_VERSION = 1;
				DEVELOPMENT_TEAM = 5J9S4L22HS;
				GENERATE_INFOPLIST_FILE = YES;
				MARKETING_VERSION = 1.0;
				PRODUCT_BUNDLE_IDENTIFIER = com.pinyi.ShoeStorePracticeUITests;
				PRODUCT_NAME = "$(TARGET_NAME)";
				SWIFT_EMIT_LOC_STRINGS = NO;
				SWIFT_VERSION = 5.0;
				TARGETED_DEVICE_FAMILY = "1,2";
				TEST_TARGET_NAME = ShoeStorePractice;
			};
			name = Release;
		};
/* End XCBuildConfiguration section */

/* Begin XCConfigurationList section */
		8B3EF3562A0F0F2C00A87D85 /* Build configuration list for PBXProject "ShoeStorePractice" */ = {
			isa = XCConfigurationList;
			buildConfigurations = (
				8B3EF3832A0F0F2D00A87D85 /* Debug */,
				8B3EF3842A0F0F2D00A87D85 /* Release */,
			);
			defaultConfigurationIsVisible = 0;
			defaultConfigurationName = Release;
		};
		8B3EF3852A0F0F2D00A87D85 /* Build configuration list for PBXNativeTarget "ShoeStorePractice" */ = {
			isa = XCConfigurationList;
			buildConfigurations = (
				8B3EF3862A0F0F2D00A87D85 /* Debug */,
				8B3EF3872A0F0F2D00A87D85 /* Release */,
			);
			defaultConfigurationIsVisible = 0;
			defaultConfigurationName = Release;
		};
		8B3EF3882A0F0F2D00A87D85 /* Build configuration list for PBXNativeTarget "ShoeStorePracticeTests" */ = {
			isa = XCConfigurationList;
			buildConfigurations = (
				8B3EF3892A0F0F2D00A87D85 /* Debug */,
				8B3EF38A2A0F0F2D00A87D85 /* Release */,
			);
			defaultConfigurationIsVisible = 0;
			defaultConfigurationName = Release;
		};
		8B3EF38B2A0F0F2D00A87D85 /* Build configuration list for PBXNativeTarget "ShoeStorePracticeUITests" */ = {
			isa = XCConfigurationList;
			buildConfigurations = (
				8B3EF38C2A0F0F2D00A87D85 /* Debug */,
				8B3EF38D2A0F0F2D00A87D85 /* Release */,
			);
			defaultConfigurationIsVisible = 0;
			defaultConfigurationName = Release;
		};
/* End XCConfigurationList section */

/* Begin XCRemoteSwiftPackageReference section */
		8B3EF3902A0F1BD200A87D85 /* XCRemoteSwiftPackageReference "SnapKit" */ = {
			isa = XCRemoteSwiftPackageReference;
			repositoryURL = "https://github.com/SnapKit/SnapKit.git";
			requirement = {
				kind = upToNextMajorVersion;
				minimumVersion = 5.0.0;
			};
		};
		8B3EF3932A0F1BF900A87D85 /* XCRemoteSwiftPackageReference "SwiftyJSON" */ = {
			isa = XCRemoteSwiftPackageReference;
			repositoryURL = "https://github.com/SwiftyJSON/SwiftyJSON.git";
			requirement = {
				kind = upToNextMajorVersion;
				minimumVersion = 5.0.0;
			};
		};
		8B3EF3962A0F1C1300A87D85 /* XCRemoteSwiftPackageReference "Kingfisher" */ = {
			isa = XCRemoteSwiftPackageReference;
			repositoryURL = "https://github.com/onevcat/Kingfisher.git";
			requirement = {
				kind = upToNextMajorVersion;
				minimumVersion = 7.0.0;
			};
		};
		8B3EF3992A0F1C3800A87D85 /* XCRemoteSwiftPackageReference "FLEX" */ = {
			isa = XCRemoteSwiftPackageReference;
			repositoryURL = "https://github.com/FLEXTool/FLEX.git";
			requirement = {
				kind = upToNextMajorVersion;
				minimumVersion = 5.0.0;
			};
		};
/* End XCRemoteSwiftPackageReference section */

/* Begin XCSwiftPackageProductDependency section */
		8B3EF3912A0F1BD200A87D85 /* SnapKit */ = {
			isa = XCSwiftPackageProductDependency;
			package = 8B3EF3902A0F1BD200A87D85 /* XCRemoteSwiftPackageReference "SnapKit" */;
			productName = SnapKit;
		};
		8B3EF3942A0F1BF900A87D85 /* SwiftyJSON */ = {
			isa = XCSwiftPackageProductDependency;
			package = 8B3EF3932A0F1BF900A87D85 /* XCRemoteSwiftPackageReference "SwiftyJSON" */;
			productName = SwiftyJSON;
		};
		8B3EF3972A0F1C1300A87D85 /* Kingfisher */ = {
			isa = XCSwiftPackageProductDependency;
			package = 8B3EF3962A0F1C1300A87D85 /* XCRemoteSwiftPackageReference "Kingfisher" */;
			productName = Kingfisher;
		};
		8B3EF39A2A0F1C3800A87D85 /* FLEX */ = {
			isa = XCSwiftPackageProductDependency;
			package = 8B3EF3992A0F1C3800A87D85 /* XCRemoteSwiftPackageReference "FLEX" */;
			productName = FLEX;
		};
/* End XCSwiftPackageProductDependency section */
	};
	rootObject = 8B3EF3532A0F0F2C00A87D85 /* Project object */;
}
